
Microsoft Visual Studio Solution File, Format Version 12.00
# Visual Studio Version 17
VisualStudioVersion = 17.13.35931.197 d17.13
MinimumVisualStudioVersion = 10.0.40219.1
Project("{FAE04EC0-301F-11D3-BF4B-00C04F79EFBC}") = "BBoxer", "BBoxer.csproj", "{C303D48D-D513-43DE-BFA9-058A13ECE0F8}"
EndProject
Global
	GlobalSection(SolutionConfigurationPlatforms) = preSolution
		Debug|Any CPU = Debug|Any CPU
		Release|Any CPU = Release|Any CPU
	EndGlobalSection
	GlobalSection(ProjectConfigurationPlatforms) = postSolution
		{C303D48D-D513-43DE-BFA9-058A13ECE0F8}.Debug|Any CPU.ActiveCfg = Debug|Any CPU
		{C303D48D-D513-43DE-BFA9-058A13ECE0F8}.Debug|Any CPU.Build.0 = Debug|Any CPU
		{C303D48D-D513-43DE-BFA9-058A13ECE0F8}.Release|Any CPU.ActiveCfg = Release|Any CPU
		{C303D48D-D513-43DE-BFA9-058A13ECE0F8}.Release|Any CPU.Build.0 = Release|Any CPU
	EndGlobalSection
	GlobalSection(SolutionProperties) = preSolution
		HideSolutionNode = FALSE
	EndGlobalSection
	GlobalSection(ExtensibilityGlobals) = postSolution
		SolutionGuid = {5411DF05-DC6F-404A-8648-B9F86139DBB3}
	EndGlobalSection
EndGlobal
